
Microsoft Visual Studio Solution File, Format Version 12.00
# Visual Studio Version 17
VisualStudioVersion = 17.0.32014.148
MinimumVisualStudioVersion = 10.0.40219.1
Project("{FAE04EC0-301F-11D3-BF4B-00C04F79EFBC}") = "RestAPIForDictators", "RestAPIForDictators\RestAPIForDictators.csproj", "{7C9CED6F-8527-4852-B9F8-C969E07FEF94}"
EndProject
Global
	GlobalSection(SolutionConfigurationPlatforms) = preSolution
		Debug|Any CPU = Debug|Any CPU
		Release|Any CPU = Release|Any CPU
	EndGlobalSection
	GlobalSection(ProjectConfigurationPlatforms) = postSolution
		{7C9CED6F-8527-4852-B9F8-C969E07FEF94}.Debug|Any CPU.ActiveCfg = Debug|Any CPU
		{7C9CED6F-8527-4852-B9F8-C969E07FEF94}.Debug|Any CPU.Build.0 = Debug|Any CPU
		{7C9CED6F-8527-4852-B9F8-C969E07FEF94}.Release|Any CPU.ActiveCfg = Release|Any CPU
		{7C9CED6F-8527-4852-B9F8-C969E07FEF94}.Release|Any CPU.Build.0 = Release|Any CPU
	EndGlobalSection
	GlobalSection(SolutionProperties) = preSolution
		HideSolutionNode = FALSE
	EndGlobalSection
	GlobalSection(ExtensibilityGlobals) = postSolution
		SolutionGuid = {7802CD17-4E24-4D88-860F-1DEFB9683161}
	EndGlobalSection
EndGlobal
